# THIS IS AN AUTOGENERATED FILE. DO NOT EDIT THIS FILE DIRECTLY.
# yarn lockfile v1


color-convert@^2.0.1:
  version "2.0.1"
  resolved "https://registry.npmjs.org/color-convert/-/color-convert-2.0.1.tgz#72d3a68d598c9bdb3af2ad1e84f21d896abd4de3"
  integrity sha512-RRECPsj7iu/xb5oKYcsFHSppFNnsj/52OVTRKb4zP5onXwVF3zVmmToNcOfGC+CRDpfK/U584fMg38ZHCaElKQ==
  dependencies:
    color-name "~1.1.4"

color-name@^1.0.0, color-name@~1.1.4:
  version "1.1.4"
  resolved "https://registry.npmjs.org/color-name/-/color-name-1.1.4.tgz#c2a09a87acbde69543de6f63fa3995c826c536a2"
  integrity sha512-dOy+3AuW3a2wNbZHIuMZpTcgjGuLU/uBL/ubcZF9OXbDo8ff4O8yVp5Bf0efS8uEoYo5q4Fx7dY9OgQGXgAsQA==

color-string@^1.7.4:
  version "1.7.4"
  resolved "https://registry.npmjs.org/color-string/-/color-string-1.7.4.tgz#79a7bf242610a8aa1b5e2681f3bf6bcfa666245f"
  integrity sha512-nVdUvPVgZMpRQad5dcsCMOSB5BXLljklTiaxS6ehhKxDsAI5sD7k5VmFuBt1y3Rlym8uulc/ANUN/bMWtBu6Sg==
  dependencies:
    color-name "^1.0.0"
    simple-swizzle "^0.2.2"

color@^4.0.2:
  version "4.0.2"
  resolved "https://registry.npmjs.org/color/-/color-4.0.2.tgz#8bdb639132a37ae8823fd672de5180d0988fca80"
  integrity sha512-fSu0jW2aKQG2FHlDywqdFPdabJHsUdZ0xabSt3wFZdcgRKtLnUHs19nUtuFuLGVMFhINGgfZEIjbUOsGZXGu7Q==
  dependencies:
    color-convert "^2.0.1"
    color-string "^1.7.4"

colors@^1.4.0:
  version "1.4.0"
  resolved "https://registry.npmjs.org/colors/-/colors-1.4.0.tgz#c50491479d4c1bdaed2c9ced32cf7c7dc2360f78"
  integrity sha512-a+UqTh4kgZg/SlGvfbzDHpgRu7AAQOmmqRHJnxhRZICKFUT91brVhNNt58CMWU9PsBbv3PDCZUHbVxuDiH2mtA==

images@^3.2.3:
  version "3.2.3"
  resolved "https://registry.npmjs.org/images/-/images-3.2.3.tgz#8e86421df163d9b3a60ee4d1dc7cd8205f2d2bd7"
  integrity sha512-Ga7WPuo1krAdgE+pH641Q2NeAetJsNoU4wjC9DKGpSptWJ/Ljle6m2oA0XdO2c5ujy1Ups8UoH28ejR74m/vqQ==

is-arrayish@^0.3.1:
  version "0.3.2"
  resolved "https://registry.npmjs.org/is-arrayish/-/is-arrayish-0.3.2.tgz#4574a2ae56f7ab206896fb431eaeed066fdf8f03"
  integrity sha512-eVRqCvVlZbuw3GrM63ovNSNAeA1K16kaR/LRY/92w0zxQ5/1YzwblUX652i4Xs9RwAGjW9d9y6X88t8OaAJfWQ==

simple-swizzle@^0.2.2:
  version "0.2.2"
  resolved "https://registry.npmjs.org/simple-swizzle/-/simple-swizzle-0.2.2.tgz#a4da6b635ffcccca33f70d17cb92592de95e557a"
  integrity sha1-pNprY1/8zMoz9w0Xy5JZLeleVXo=
  dependencies:
    is-arrayish "^0.3.1"
